
Microsoft Visual Studio Solution File, Format Version 12.00
# Visual Studio 15
VisualStudioVersion = 15.0.26430.15
MinimumVisualStudioVersion = 10.0.40219.1
Project("{FAE04EC0-301F-11D3-BF4B-00C04F79EFBC}") = "文件管理器", "文件管理器\文件管理器.csproj", "{BCAB452B-5BFB-497B-B4AB-AB69BCC67091}"
EndProject
Project("{FAE04EC0-301F-11D3-BF4B-00C04F79EFBC}") = "分区助手", "分区助手\分区助手.csproj", "{1828078F-9B2E-4BC3-A46D-BEE270E545BA}"
EndProject
Project("{FAE04EC0-301F-11D3-BF4B-00C04F79EFBC}") = "XFileSystem", "XFileSystem\XFileSystem.csproj", "{77093A49-C1EA-4C6A-B000-34A064CD0DA1}"
EndProject
Project("{FAE04EC0-301F-11D3-BF4B-00C04F79EFBC}") = "MisakaDiskOperation", "MisakaDiskOperation\MisakaDiskOperation.csproj", "{676EF031-CEE8-410C-B2C2-2A5FEB2E17A8}"
EndProject
Project("{FAE04EC0-301F-11D3-BF4B-00C04F79EFBC}") = "XFileSystemSlim", "XFileSystemSlim\XFileSystemSlim.csproj", "{1D21C60D-BB03-4810-B2D3-292C579E6CE1}"
EndProject
Global
	GlobalSection(SolutionConfigurationPlatforms) = preSolution
		Debug|Any CPU = Debug|Any CPU
		Release|Any CPU = Release|Any CPU
	EndGlobalSection
	GlobalSection(ProjectConfigurationPlatforms) = postSolution
		{BCAB452B-5BFB-497B-B4AB-AB69BCC67091}.Debug|Any CPU.ActiveCfg = Debug|Any CPU
		{BCAB452B-5BFB-497B-B4AB-AB69BCC67091}.Debug|Any CPU.Build.0 = Debug|Any CPU
		{BCAB452B-5BFB-497B-B4AB-AB69BCC67091}.Release|Any CPU.ActiveCfg = Release|Any CPU
		{BCAB452B-5BFB-497B-B4AB-AB69BCC67091}.Release|Any CPU.Build.0 = Release|Any CPU
		{1828078F-9B2E-4BC3-A46D-BEE270E545BA}.Debug|Any CPU.ActiveCfg = Debug|Any CPU
		{1828078F-9B2E-4BC3-A46D-BEE270E545BA}.Debug|Any CPU.Build.0 = Debug|Any CPU
		{1828078F-9B2E-4BC3-A46D-BEE270E545BA}.Release|Any CPU.ActiveCfg = Release|Any CPU
		{1828078F-9B2E-4BC3-A46D-BEE270E545BA}.Release|Any CPU.Build.0 = Release|Any CPU
		{77093A49-C1EA-4C6A-B000-34A064CD0DA1}.Debug|Any CPU.ActiveCfg = Debug|Any CPU
		{77093A49-C1EA-4C6A-B000-34A064CD0DA1}.Debug|Any CPU.Build.0 = Debug|Any CPU
		{77093A49-C1EA-4C6A-B000-34A064CD0DA1}.Release|Any CPU.ActiveCfg = Release|Any CPU
		{77093A49-C1EA-4C6A-B000-34A064CD0DA1}.Release|Any CPU.Build.0 = Release|Any CPU
		{676EF031-CEE8-410C-B2C2-2A5FEB2E17A8}.Debug|Any CPU.ActiveCfg = Debug|Any CPU
		{676EF031-CEE8-410C-B2C2-2A5FEB2E17A8}.Debug|Any CPU.Build.0 = Debug|Any CPU
		{676EF031-CEE8-410C-B2C2-2A5FEB2E17A8}.Release|Any CPU.ActiveCfg = Release|Any CPU
		{676EF031-CEE8-410C-B2C2-2A5FEB2E17A8}.Release|Any CPU.Build.0 = Release|Any CPU
		{1D21C60D-BB03-4810-B2D3-292C579E6CE1}.Debug|Any CPU.ActiveCfg = Debug|Any CPU
		{1D21C60D-BB03-4810-B2D3-292C579E6CE1}.Debug|Any CPU.Build.0 = Debug|Any CPU
		{1D21C60D-BB03-4810-B2D3-292C579E6CE1}.Release|Any CPU.ActiveCfg = Release|Any CPU
		{1D21C60D-BB03-4810-B2D3-292C579E6CE1}.Release|Any CPU.Build.0 = Release|Any CPU
	EndGlobalSection
	GlobalSection(SolutionProperties) = preSolution
		HideSolutionNode = FALSE
	EndGlobalSection
EndGlobal
